{
    "name": "gestor-bolsistas",
    "version": "0.0.2",
    "lockfileVersion": 1,
    "requires": true,
    "dependencies": {
        "cordova-sqlite-storage": {
            "version": "2.1.2",
            "resolved": "https://registry.npmjs.org/cordova-sqlite-storage/-/cordova-sqlite-storage-2.1.2.tgz",
            "integrity": "sha1-+zzMhC0Ij95VE7fTFgqIMZ+3LqQ=",
            "requires": {
                "cordova-sqlite-storage-dependencies": "1.0.4"
            }
        },
        "cordova-sqlite-storage-dependencies": {
            "version": "1.0.4",
            "resolved": "https://registry.npmjs.org/cordova-sqlite-storage-dependencies/-/cordova-sqlite-storage-dependencies-1.0.4.tgz",
            "integrity": "sha1-gnmvyNg7AWG/p92cIoqCf13YFF4="
        }
    }
}
