{
    "name": "gestor-bolsistas",
    "version": "0.0.2",
    "lockfileVersion": 1,
    "requires": true,
    "dependencies": {
        "@ionic-native/splash-screen": {
            "version": "4.4.2",
            "resolved": "https://registry.npmjs.org/@ionic-native/splash-screen/-/splash-screen-4.4.2.tgz",
            "integrity": "sha512-rcrdSr6cw+5q7tOJLAX6SX/IPvZRNQQuny9uLCt1kUcD6AjfV/PW+acjX+bUPrA7xZcqHrQ6849PNnLKrTNpEw==",
            "dev": true
        },
        "@ionic-native/status-bar": {
            "version": "4.4.2",
            "resolved": "https://registry.npmjs.org/@ionic-native/status-bar/-/status-bar-4.4.2.tgz",
            "integrity": "sha512-2ZTnFgz9bWouvaJhyC7a6x+y8DP8c3wHfzqrW374DaT4ert70q0218OX3mNd5oWoaf/CqQfAmhAe/2HUvmzyJw==",
            "dev": true
        },
        "cordova-sqlite-storage": {
            "version": "2.1.2",
            "resolved": "https://registry.npmjs.org/cordova-sqlite-storage/-/cordova-sqlite-storage-2.1.2.tgz",
            "integrity": "sha1-+zzMhC0Ij95VE7fTFgqIMZ+3LqQ=",
            "requires": {
                "cordova-sqlite-storage-dependencies": "1.0.4"
            }
        },
        "cordova-sqlite-storage-dependencies": {
            "version": "1.0.4",
            "resolved": "https://registry.npmjs.org/cordova-sqlite-storage-dependencies/-/cordova-sqlite-storage-dependencies-1.0.4.tgz",
            "integrity": "sha1-gnmvyNg7AWG/p92cIoqCf13YFF4="
        }
    }
}
